
Microsoft Visual Studio Solution File, Format Version 12.00
# Visual Studio 2013
VisualStudioVersion = 12.0.20827.3
MinimumVisualStudioVersion = 10.0.40219.1
Project("{FAE04EC0-301F-11D3-BF4B-00C04F79EFBC}") = "TicketingSystem.Web", "TicketingSystem.Web\TicketingSystem.Web.csproj", "{B2EE44D9-0A6C-4BFC-BBF6-B303BEC21D9C}"
EndProject
Project("{FAE04EC0-301F-11D3-BF4B-00C04F79EFBC}") = "TicketingSystem.Data", "TicketingSystem.Data\TicketingSystem.Data.csproj", "{B9001539-3FE1-4918-8957-EAA92106989D}"
EndProject
Project("{FAE04EC0-301F-11D3-BF4B-00C04F79EFBC}") = "TicketingSystem.Models", "TicketingSystem.Models\TicketingSystem.Models.csproj", "{871BD9C9-18F7-4E15-BF6A-1386878E25ED}"
EndProject
Project("{2150E333-8FDC-42A3-9474-1A3956D46DE8}") = "Solution Items", "Solution Items", "{A43160C4-4757-47AF-9EA8-1BCE2811CE31}"
	ProjectSection(SolutionItems) = preProject
		External Libraries\Kendo.Mvc.dll = External Libraries\Kendo.Mvc.dll
	EndProjectSection
EndProject
Global
	GlobalSection(SolutionConfigurationPlatforms) = preSolution
		Debug|Any CPU = Debug|Any CPU
		Release|Any CPU = Release|Any CPU
	EndGlobalSection
	GlobalSection(ProjectConfigurationPlatforms) = postSolution
		{B2EE44D9-0A6C-4BFC-BBF6-B303BEC21D9C}.Debug|Any CPU.ActiveCfg = Debug|Any CPU
		{B2EE44D9-0A6C-4BFC-BBF6-B303BEC21D9C}.Debug|Any CPU.Build.0 = Debug|Any CPU
		{B2EE44D9-0A6C-4BFC-BBF6-B303BEC21D9C}.Release|Any CPU.ActiveCfg = Release|Any CPU
		{B2EE44D9-0A6C-4BFC-BBF6-B303BEC21D9C}.Release|Any CPU.Build.0 = Release|Any CPU
		{B9001539-3FE1-4918-8957-EAA92106989D}.Debug|Any CPU.ActiveCfg = Debug|Any CPU
		{B9001539-3FE1-4918-8957-EAA92106989D}.Debug|Any CPU.Build.0 = Debug|Any CPU
		{B9001539-3FE1-4918-8957-EAA92106989D}.Release|Any CPU.ActiveCfg = Release|Any CPU
		{B9001539-3FE1-4918-8957-EAA92106989D}.Release|Any CPU.Build.0 = Release|Any CPU
		{871BD9C9-18F7-4E15-BF6A-1386878E25ED}.Debug|Any CPU.ActiveCfg = Debug|Any CPU
		{871BD9C9-18F7-4E15-BF6A-1386878E25ED}.Debug|Any CPU.Build.0 = Debug|Any CPU
		{871BD9C9-18F7-4E15-BF6A-1386878E25ED}.Release|Any CPU.ActiveCfg = Release|Any CPU
		{871BD9C9-18F7-4E15-BF6A-1386878E25ED}.Release|Any CPU.Build.0 = Release|Any CPU
	EndGlobalSection
	GlobalSection(SolutionProperties) = preSolution
		HideSolutionNode = FALSE
	EndGlobalSection
EndGlobal
