
Microsoft Visual Studio Solution File, Format Version 12.00
# Visual Studio 2012
Project("{FAE04EC0-301F-11D3-BF4B-00C04F79EFBC}") = "StudentSystem.Models", "StudentSystem.Models\StudentSystem.Models.csproj", "{DC56E8A1-37D6-48DC-8222-13DB6A76143A}"
EndProject
Project("{FAE04EC0-301F-11D3-BF4B-00C04F79EFBC}") = "StudentSystem.Context", "StudentSystem.Context\StudentSystem.Context.csproj", "{1A91F2A3-C666-46F6-B500-8B1645741271}"
EndProject
Project("{FAE04EC0-301F-11D3-BF4B-00C04F79EFBC}") = "StudentSystem.Client", "StudentSystem.Client\StudentSystem.Client.csproj", "{3227CBAD-1E6A-4826-B648-4A939900087D}"
EndProject
Global
	GlobalSection(SolutionConfigurationPlatforms) = preSolution
		Debug|Any CPU = Debug|Any CPU
		Release|Any CPU = Release|Any CPU
	EndGlobalSection
	GlobalSection(ProjectConfigurationPlatforms) = postSolution
		{DC56E8A1-37D6-48DC-8222-13DB6A76143A}.Debug|Any CPU.ActiveCfg = Debug|Any CPU
		{DC56E8A1-37D6-48DC-8222-13DB6A76143A}.Debug|Any CPU.Build.0 = Debug|Any CPU
		{DC56E8A1-37D6-48DC-8222-13DB6A76143A}.Release|Any CPU.ActiveCfg = Release|Any CPU
		{DC56E8A1-37D6-48DC-8222-13DB6A76143A}.Release|Any CPU.Build.0 = Release|Any CPU
		{1A91F2A3-C666-46F6-B500-8B1645741271}.Debug|Any CPU.ActiveCfg = Debug|Any CPU
		{1A91F2A3-C666-46F6-B500-8B1645741271}.Debug|Any CPU.Build.0 = Debug|Any CPU
		{1A91F2A3-C666-46F6-B500-8B1645741271}.Release|Any CPU.ActiveCfg = Release|Any CPU
		{1A91F2A3-C666-46F6-B500-8B1645741271}.Release|Any CPU.Build.0 = Release|Any CPU
		{3227CBAD-1E6A-4826-B648-4A939900087D}.Debug|Any CPU.ActiveCfg = Debug|Any CPU
		{3227CBAD-1E6A-4826-B648-4A939900087D}.Debug|Any CPU.Build.0 = Debug|Any CPU
		{3227CBAD-1E6A-4826-B648-4A939900087D}.Release|Any CPU.ActiveCfg = Release|Any CPU
		{3227CBAD-1E6A-4826-B648-4A939900087D}.Release|Any CPU.Build.0 = Release|Any CPU
	EndGlobalSection
	GlobalSection(SolutionProperties) = preSolution
		HideSolutionNode = FALSE
	EndGlobalSection
EndGlobal
