
Microsoft Visual Studio Solution File, Format Version 12.00
# Visual Studio 2013
VisualStudioVersion = 12.0.20623.1 VSUPREVIEW
MinimumVisualStudioVersion = 10.0.40219.1
Project("{FAE04EC0-301F-11D3-BF4B-00C04F79EFBC}") = "01.RandomNumbersHTML", "01.RandomNumbersHTML\01.RandomNumbersHTML.csproj", "{DCB18FE9-6559-4006-9863-A3E6D677CBF1}"
EndProject
Project("{FAE04EC0-301F-11D3-BF4B-00C04F79EFBC}") = "02.RandomGenWebServerControls", "02.RandomGenWebServerControls\02.RandomGenWebServerControls.csproj", "{AB1A5A41-01D2-41AA-BDE3-ADDF900DD88E}"
EndProject
Project("{FAE04EC0-301F-11D3-BF4B-00C04F79EFBC}") = "03.TextBoxValueExchange", "03.TextBoxValueExchange\03.TextBoxValueExchange.csproj", "{4ACFD290-0AC4-4B83-8BF8-4A13030A3D35}"
EndProject
Project("{FAE04EC0-301F-11D3-BF4B-00C04F79EFBC}") = "04.RegisterStudents", "04.RegisterStudents\04.RegisterStudents.csproj", "{58E26F36-0BBC-4CD2-B854-F4E87C5A3C07}"
EndProject
Project("{FAE04EC0-301F-11D3-BF4B-00C04F79EFBC}") = "06.Calculator", "06.Calculator\06.Calculator.csproj", "{E5C83297-151C-4B1A-98C6-5D8BBDDC57DB}"
EndProject
Global
	GlobalSection(SolutionConfigurationPlatforms) = preSolution
		Debug|Any CPU = Debug|Any CPU
		Release|Any CPU = Release|Any CPU
	EndGlobalSection
	GlobalSection(ProjectConfigurationPlatforms) = postSolution
		{DCB18FE9-6559-4006-9863-A3E6D677CBF1}.Debug|Any CPU.ActiveCfg = Debug|Any CPU
		{DCB18FE9-6559-4006-9863-A3E6D677CBF1}.Debug|Any CPU.Build.0 = Debug|Any CPU
		{DCB18FE9-6559-4006-9863-A3E6D677CBF1}.Release|Any CPU.ActiveCfg = Release|Any CPU
		{DCB18FE9-6559-4006-9863-A3E6D677CBF1}.Release|Any CPU.Build.0 = Release|Any CPU
		{AB1A5A41-01D2-41AA-BDE3-ADDF900DD88E}.Debug|Any CPU.ActiveCfg = Debug|Any CPU
		{AB1A5A41-01D2-41AA-BDE3-ADDF900DD88E}.Debug|Any CPU.Build.0 = Debug|Any CPU
		{AB1A5A41-01D2-41AA-BDE3-ADDF900DD88E}.Release|Any CPU.ActiveCfg = Release|Any CPU
		{AB1A5A41-01D2-41AA-BDE3-ADDF900DD88E}.Release|Any CPU.Build.0 = Release|Any CPU
		{4ACFD290-0AC4-4B83-8BF8-4A13030A3D35}.Debug|Any CPU.ActiveCfg = Debug|Any CPU
		{4ACFD290-0AC4-4B83-8BF8-4A13030A3D35}.Debug|Any CPU.Build.0 = Debug|Any CPU
		{4ACFD290-0AC4-4B83-8BF8-4A13030A3D35}.Release|Any CPU.ActiveCfg = Release|Any CPU
		{4ACFD290-0AC4-4B83-8BF8-4A13030A3D35}.Release|Any CPU.Build.0 = Release|Any CPU
		{58E26F36-0BBC-4CD2-B854-F4E87C5A3C07}.Debug|Any CPU.ActiveCfg = Debug|Any CPU
		{58E26F36-0BBC-4CD2-B854-F4E87C5A3C07}.Debug|Any CPU.Build.0 = Debug|Any CPU
		{58E26F36-0BBC-4CD2-B854-F4E87C5A3C07}.Release|Any CPU.ActiveCfg = Release|Any CPU
		{58E26F36-0BBC-4CD2-B854-F4E87C5A3C07}.Release|Any CPU.Build.0 = Release|Any CPU
		{E5C83297-151C-4B1A-98C6-5D8BBDDC57DB}.Debug|Any CPU.ActiveCfg = Debug|Any CPU
		{E5C83297-151C-4B1A-98C6-5D8BBDDC57DB}.Debug|Any CPU.Build.0 = Debug|Any CPU
		{E5C83297-151C-4B1A-98C6-5D8BBDDC57DB}.Release|Any CPU.ActiveCfg = Release|Any CPU
		{E5C83297-151C-4B1A-98C6-5D8BBDDC57DB}.Release|Any CPU.Build.0 = Release|Any CPU
	EndGlobalSection
	GlobalSection(SolutionProperties) = preSolution
		HideSolutionNode = FALSE
	EndGlobalSection
EndGlobal
