
Microsoft Visual Studio Solution File, Format Version 12.00
# Visual Studio 2012
Project("{FAE04EC0-301F-11D3-BF4B-00C04F79EFBC}") = "01.RefactorCode-VariableNaming", "01.RefactorCode-VariableNaming\01.RefactorCode-VariableNaming.csproj", "{D6465D8D-5821-4CC6-AFEC-B4B91AC15365}"
EndProject
Project("{FAE04EC0-301F-11D3-BF4B-00C04F79EFBC}") = "02.RefactorCode-VariablesNaming", "02.RefactorCode-VariablesNaming\02.RefactorCode-VariablesNaming.csproj", "{C71EA800-96A8-48C3-B5D1-D3D675131379}"
EndProject
Global
	GlobalSection(SolutionConfigurationPlatforms) = preSolution
		Debug|Any CPU = Debug|Any CPU
		Release|Any CPU = Release|Any CPU
	EndGlobalSection
	GlobalSection(ProjectConfigurationPlatforms) = postSolution
		{D6465D8D-5821-4CC6-AFEC-B4B91AC15365}.Debug|Any CPU.ActiveCfg = Debug|Any CPU
		{D6465D8D-5821-4CC6-AFEC-B4B91AC15365}.Debug|Any CPU.Build.0 = Debug|Any CPU
		{D6465D8D-5821-4CC6-AFEC-B4B91AC15365}.Release|Any CPU.ActiveCfg = Release|Any CPU
		{D6465D8D-5821-4CC6-AFEC-B4B91AC15365}.Release|Any CPU.Build.0 = Release|Any CPU
		{C71EA800-96A8-48C3-B5D1-D3D675131379}.Debug|Any CPU.ActiveCfg = Debug|Any CPU
		{C71EA800-96A8-48C3-B5D1-D3D675131379}.Debug|Any CPU.Build.0 = Debug|Any CPU
		{C71EA800-96A8-48C3-B5D1-D3D675131379}.Release|Any CPU.ActiveCfg = Release|Any CPU
		{C71EA800-96A8-48C3-B5D1-D3D675131379}.Release|Any CPU.Build.0 = Release|Any CPU
	EndGlobalSection
	GlobalSection(SolutionProperties) = preSolution
		HideSolutionNode = FALSE
	EndGlobalSection
EndGlobal
