
Microsoft Visual Studio Solution File, Format Version 12.00
# Visual Studio 2012
Project("{FAE04EC0-301F-11D3-BF4B-00C04F79EFBC}") = "01.Sum-And-Average-Of-Elements", "01.Sum-And-Average-Of-Elements\01.Sum-And-Average-Of-Elements.csproj", "{3CEDEAA6-77FF-4D25-9808-6CAB6E21921A}"
EndProject
Project("{FAE04EC0-301F-11D3-BF4B-00C04F79EFBC}") = "02.Stack-In-Out", "02.Stack-In-Out\02.Stack-In-Out.csproj", "{248CB4A2-6EE0-4633-88CE-1EAED080BB08}"
EndProject
Project("{FAE04EC0-301F-11D3-BF4B-00C04F79EFBC}") = "03.SortingNumbers", "03.SortingNumbers\03.SortingNumbers.csproj", "{F73C8F46-4736-4EC4-9C2D-773E62619B94}"
EndProject
Project("{FAE04EC0-301F-11D3-BF4B-00C04F79EFBC}") = "04.Longest-Subsequence-Of-Equal-Numbers", "04.Longest-Subsequence-Of-Equal-Numbers\04.Longest-Subsequence-Of-Equal-Numbers.csproj", "{555FA464-0BE8-49E0-8742-54E4A59F943A}"
EndProject
Project("{FAE04EC0-301F-11D3-BF4B-00C04F79EFBC}") = "04.Longest-Subsequence-UnitTests", "04.Longest-Subsequence-UnitTests\04.Longest-Subsequence-UnitTests.csproj", "{D30535F4-6C6F-4CD9-9078-6F6632B10089}"
EndProject
Project("{FAE04EC0-301F-11D3-BF4B-00C04F79EFBC}") = "05.Remove-Negative-Numbers-From-Sequence", "05.Remove-Negative-Numbers-From-Sequence\05.Remove-Negative-Numbers-From-Sequence.csproj", "{C54E6466-9694-46F5-8921-8870972591A2}"
EndProject
Project("{FAE04EC0-301F-11D3-BF4B-00C04F79EFBC}") = "06.Remove-Elements-That-Occur-Odd", "06.Remove-Elements-That-Occur-Odd\06.Remove-Elements-That-Occur-Odd.csproj", "{96692AA0-D89B-401F-BFFE-5A953460AC04}"
EndProject
Project("{FAE04EC0-301F-11D3-BF4B-00C04F79EFBC}") = "07.Elements-Counter", "07.Elements-Counter\07.Elements-Counter.csproj", "{B97698CF-4F5B-4C1D-8452-A24304AF93B4}"
EndProject
Project("{FAE04EC0-301F-11D3-BF4B-00C04F79EFBC}") = "08.Majorant-Of-An-Array", "08.Majorant-Of-An-Array\08.Majorant-Of-An-Array.csproj", "{0C19F95C-DA97-47C0-BCA2-1147534E07D7}"
EndProject
Global
	GlobalSection(SolutionConfigurationPlatforms) = preSolution
		Debug|Any CPU = Debug|Any CPU
		Release|Any CPU = Release|Any CPU
	EndGlobalSection
	GlobalSection(ProjectConfigurationPlatforms) = postSolution
		{3CEDEAA6-77FF-4D25-9808-6CAB6E21921A}.Debug|Any CPU.ActiveCfg = Debug|Any CPU
		{3CEDEAA6-77FF-4D25-9808-6CAB6E21921A}.Debug|Any CPU.Build.0 = Debug|Any CPU
		{3CEDEAA6-77FF-4D25-9808-6CAB6E21921A}.Release|Any CPU.ActiveCfg = Release|Any CPU
		{3CEDEAA6-77FF-4D25-9808-6CAB6E21921A}.Release|Any CPU.Build.0 = Release|Any CPU
		{248CB4A2-6EE0-4633-88CE-1EAED080BB08}.Debug|Any CPU.ActiveCfg = Debug|Any CPU
		{248CB4A2-6EE0-4633-88CE-1EAED080BB08}.Debug|Any CPU.Build.0 = Debug|Any CPU
		{248CB4A2-6EE0-4633-88CE-1EAED080BB08}.Release|Any CPU.ActiveCfg = Release|Any CPU
		{248CB4A2-6EE0-4633-88CE-1EAED080BB08}.Release|Any CPU.Build.0 = Release|Any CPU
		{F73C8F46-4736-4EC4-9C2D-773E62619B94}.Debug|Any CPU.ActiveCfg = Debug|Any CPU
		{F73C8F46-4736-4EC4-9C2D-773E62619B94}.Debug|Any CPU.Build.0 = Debug|Any CPU
		{F73C8F46-4736-4EC4-9C2D-773E62619B94}.Release|Any CPU.ActiveCfg = Release|Any CPU
		{F73C8F46-4736-4EC4-9C2D-773E62619B94}.Release|Any CPU.Build.0 = Release|Any CPU
		{555FA464-0BE8-49E0-8742-54E4A59F943A}.Debug|Any CPU.ActiveCfg = Debug|Any CPU
		{555FA464-0BE8-49E0-8742-54E4A59F943A}.Debug|Any CPU.Build.0 = Debug|Any CPU
		{555FA464-0BE8-49E0-8742-54E4A59F943A}.Release|Any CPU.ActiveCfg = Release|Any CPU
		{555FA464-0BE8-49E0-8742-54E4A59F943A}.Release|Any CPU.Build.0 = Release|Any CPU
		{D30535F4-6C6F-4CD9-9078-6F6632B10089}.Debug|Any CPU.ActiveCfg = Debug|Any CPU
		{D30535F4-6C6F-4CD9-9078-6F6632B10089}.Debug|Any CPU.Build.0 = Debug|Any CPU
		{D30535F4-6C6F-4CD9-9078-6F6632B10089}.Release|Any CPU.ActiveCfg = Release|Any CPU
		{D30535F4-6C6F-4CD9-9078-6F6632B10089}.Release|Any CPU.Build.0 = Release|Any CPU
		{C54E6466-9694-46F5-8921-8870972591A2}.Debug|Any CPU.ActiveCfg = Debug|Any CPU
		{C54E6466-9694-46F5-8921-8870972591A2}.Debug|Any CPU.Build.0 = Debug|Any CPU
		{C54E6466-9694-46F5-8921-8870972591A2}.Release|Any CPU.ActiveCfg = Release|Any CPU
		{C54E6466-9694-46F5-8921-8870972591A2}.Release|Any CPU.Build.0 = Release|Any CPU
		{96692AA0-D89B-401F-BFFE-5A953460AC04}.Debug|Any CPU.ActiveCfg = Debug|Any CPU
		{96692AA0-D89B-401F-BFFE-5A953460AC04}.Debug|Any CPU.Build.0 = Debug|Any CPU
		{96692AA0-D89B-401F-BFFE-5A953460AC04}.Release|Any CPU.ActiveCfg = Release|Any CPU
		{96692AA0-D89B-401F-BFFE-5A953460AC04}.Release|Any CPU.Build.0 = Release|Any CPU
		{B97698CF-4F5B-4C1D-8452-A24304AF93B4}.Debug|Any CPU.ActiveCfg = Debug|Any CPU
		{B97698CF-4F5B-4C1D-8452-A24304AF93B4}.Debug|Any CPU.Build.0 = Debug|Any CPU
		{B97698CF-4F5B-4C1D-8452-A24304AF93B4}.Release|Any CPU.ActiveCfg = Release|Any CPU
		{B97698CF-4F5B-4C1D-8452-A24304AF93B4}.Release|Any CPU.Build.0 = Release|Any CPU
		{0C19F95C-DA97-47C0-BCA2-1147534E07D7}.Debug|Any CPU.ActiveCfg = Debug|Any CPU
		{0C19F95C-DA97-47C0-BCA2-1147534E07D7}.Debug|Any CPU.Build.0 = Debug|Any CPU
		{0C19F95C-DA97-47C0-BCA2-1147534E07D7}.Release|Any CPU.ActiveCfg = Release|Any CPU
		{0C19F95C-DA97-47C0-BCA2-1147534E07D7}.Release|Any CPU.Build.0 = Release|Any CPU
	EndGlobalSection
	GlobalSection(SolutionProperties) = preSolution
		HideSolutionNode = FALSE
	EndGlobalSection
EndGlobal
